
Microsoft Visual Studio Solution File, Format Version 12.00
# Visual Studio 15
VisualStudioVersion = 15.0.28307.168
MinimumVisualStudioVersion = 10.0.40219.1
Project("{FAE04EC0-301F-11D3-BF4B-00C04F79EFBC}") = "Codewars-8th-Kyu-Katas", "Codewars-8th-Kyu-Katas\Codewars-8th-Kyu-Katas.csproj", "{3EB14A34-6316-4357-BA6F-FDDB1A036D81}"
EndProject
Project("{FAE04EC0-301F-11D3-BF4B-00C04F79EFBC}") = "Convert_String_to_Array", "Convert_String_to_Array\Convert_String_to_Array.csproj", "{E87E3619-62B9-41AB-B99A-2CE3D7D5DAE3}"
EndProject
Project("{FAE04EC0-301F-11D3-BF4B-00C04F79EFBC}") = "Remove_First_and_Last_Char", "Remove_First_and_Last_Char\Remove_First_and_Last_Char.csproj", "{BDEE2C62-B1FD-49BD-AF8E-02A6684225FD}"
EndProject
Project("{FAE04EC0-301F-11D3-BF4B-00C04F79EFBC}") = "Find_First_Non_Consecutive_Number", "Find_First_Non_Consecutive_Number\Find_First_Non_Consecutive_Number.csproj", "{E818DC3A-B1A1-4703-91D2-E73D5D95D620}"
EndProject
Project("{FAE04EC0-301F-11D3-BF4B-00C04F79EFBC}") = "101_Dalmatians_squash_the_bugs_not_the_dogs", "101_Dalmatians_squash_the_bugs_not_the_dogs\101_Dalmatians_squash_the_bugs_not_the_dogs.csproj", "{4CD4C2D6-9AFC-4360-94A1-05A9BF11CF73}"
EndProject
Project("{FAE04EC0-301F-11D3-BF4B-00C04F79EFBC}") = "Alternating_Upper_or_Lower_Case", "Alternating_Upper_or_Lower_Case\Alternating_Upper_or_Lower_Case.csproj", "{CF72368E-E171-4E7A-AB87-56DDB6182EB6}"
EndProject
Project("{FAE04EC0-301F-11D3-BF4B-00C04F79EFBC}") = "Counting_Sheep_with_Array", "Counting_Sheep_with_Array\Counting_Sheep_with_Array.csproj", "{B3A80634-F546-4B70-8B3E-299D0DC142AE}"
EndProject
Project("{FAE04EC0-301F-11D3-BF4B-00C04F79EFBC}") = "Return_nth_Even_Number", "Return_nth_Even_Number\Return_nth_Even_Number.csproj", "{CD2694B3-1F05-4FFE-9EC0-0285A2AFDC39}"
EndProject
Project("{FAE04EC0-301F-11D3-BF4B-00C04F79EFBC}") = "Counting_with_Array", "Counting_with_Array\Counting_with_Array.csproj", "{F4C75387-DF67-41A5-BFB0-1F7F8CFACBDE}"
EndProject
Global
	GlobalSection(SolutionConfigurationPlatforms) = preSolution
		Debug|Any CPU = Debug|Any CPU
		Release|Any CPU = Release|Any CPU
	EndGlobalSection
	GlobalSection(ProjectConfigurationPlatforms) = postSolution
		{3EB14A34-6316-4357-BA6F-FDDB1A036D81}.Debug|Any CPU.ActiveCfg = Debug|Any CPU
		{3EB14A34-6316-4357-BA6F-FDDB1A036D81}.Debug|Any CPU.Build.0 = Debug|Any CPU
		{3EB14A34-6316-4357-BA6F-FDDB1A036D81}.Release|Any CPU.ActiveCfg = Release|Any CPU
		{3EB14A34-6316-4357-BA6F-FDDB1A036D81}.Release|Any CPU.Build.0 = Release|Any CPU
		{E87E3619-62B9-41AB-B99A-2CE3D7D5DAE3}.Debug|Any CPU.ActiveCfg = Debug|Any CPU
		{E87E3619-62B9-41AB-B99A-2CE3D7D5DAE3}.Debug|Any CPU.Build.0 = Debug|Any CPU
		{E87E3619-62B9-41AB-B99A-2CE3D7D5DAE3}.Release|Any CPU.ActiveCfg = Release|Any CPU
		{E87E3619-62B9-41AB-B99A-2CE3D7D5DAE3}.Release|Any CPU.Build.0 = Release|Any CPU
		{BDEE2C62-B1FD-49BD-AF8E-02A6684225FD}.Debug|Any CPU.ActiveCfg = Debug|Any CPU
		{BDEE2C62-B1FD-49BD-AF8E-02A6684225FD}.Debug|Any CPU.Build.0 = Debug|Any CPU
		{BDEE2C62-B1FD-49BD-AF8E-02A6684225FD}.Release|Any CPU.ActiveCfg = Release|Any CPU
		{BDEE2C62-B1FD-49BD-AF8E-02A6684225FD}.Release|Any CPU.Build.0 = Release|Any CPU
		{E818DC3A-B1A1-4703-91D2-E73D5D95D620}.Debug|Any CPU.ActiveCfg = Debug|Any CPU
		{E818DC3A-B1A1-4703-91D2-E73D5D95D620}.Debug|Any CPU.Build.0 = Debug|Any CPU
		{E818DC3A-B1A1-4703-91D2-E73D5D95D620}.Release|Any CPU.ActiveCfg = Release|Any CPU
		{E818DC3A-B1A1-4703-91D2-E73D5D95D620}.Release|Any CPU.Build.0 = Release|Any CPU
		{4CD4C2D6-9AFC-4360-94A1-05A9BF11CF73}.Debug|Any CPU.ActiveCfg = Debug|Any CPU
		{4CD4C2D6-9AFC-4360-94A1-05A9BF11CF73}.Debug|Any CPU.Build.0 = Debug|Any CPU
		{4CD4C2D6-9AFC-4360-94A1-05A9BF11CF73}.Release|Any CPU.ActiveCfg = Release|Any CPU
		{4CD4C2D6-9AFC-4360-94A1-05A9BF11CF73}.Release|Any CPU.Build.0 = Release|Any CPU
		{CF72368E-E171-4E7A-AB87-56DDB6182EB6}.Debug|Any CPU.ActiveCfg = Debug|Any CPU
		{CF72368E-E171-4E7A-AB87-56DDB6182EB6}.Debug|Any CPU.Build.0 = Debug|Any CPU
		{CF72368E-E171-4E7A-AB87-56DDB6182EB6}.Release|Any CPU.ActiveCfg = Release|Any CPU
		{CF72368E-E171-4E7A-AB87-56DDB6182EB6}.Release|Any CPU.Build.0 = Release|Any CPU
		{B3A80634-F546-4B70-8B3E-299D0DC142AE}.Debug|Any CPU.ActiveCfg = Debug|Any CPU
		{B3A80634-F546-4B70-8B3E-299D0DC142AE}.Debug|Any CPU.Build.0 = Debug|Any CPU
		{B3A80634-F546-4B70-8B3E-299D0DC142AE}.Release|Any CPU.ActiveCfg = Release|Any CPU
		{B3A80634-F546-4B70-8B3E-299D0DC142AE}.Release|Any CPU.Build.0 = Release|Any CPU
		{CD2694B3-1F05-4FFE-9EC0-0285A2AFDC39}.Debug|Any CPU.ActiveCfg = Debug|Any CPU
		{CD2694B3-1F05-4FFE-9EC0-0285A2AFDC39}.Debug|Any CPU.Build.0 = Debug|Any CPU
		{CD2694B3-1F05-4FFE-9EC0-0285A2AFDC39}.Release|Any CPU.ActiveCfg = Release|Any CPU
		{CD2694B3-1F05-4FFE-9EC0-0285A2AFDC39}.Release|Any CPU.Build.0 = Release|Any CPU
		{F4C75387-DF67-41A5-BFB0-1F7F8CFACBDE}.Debug|Any CPU.ActiveCfg = Debug|Any CPU
		{F4C75387-DF67-41A5-BFB0-1F7F8CFACBDE}.Debug|Any CPU.Build.0 = Debug|Any CPU
		{F4C75387-DF67-41A5-BFB0-1F7F8CFACBDE}.Release|Any CPU.ActiveCfg = Release|Any CPU
		{F4C75387-DF67-41A5-BFB0-1F7F8CFACBDE}.Release|Any CPU.Build.0 = Release|Any CPU
	EndGlobalSection
	GlobalSection(SolutionProperties) = preSolution
		HideSolutionNode = FALSE
	EndGlobalSection
	GlobalSection(ExtensibilityGlobals) = postSolution
		SolutionGuid = {3DA83453-74E7-48F4-A9B6-B7365E89488F}
	EndGlobalSection
EndGlobal
